
Microsoft Visual Studio Solution File, Format Version 12.00
# Visual Studio Version 16
VisualStudioVersion = 16.0.30611.23
MinimumVisualStudioVersion = 10.0.40219.1
Project("{FAE04EC0-301F-11D3-BF4B-00C04F79EFBC}") = "RaNetCore.Web", "RaNetCore.Web\RaNetCore.Web.csproj", "{38D4582A-305E-4D65-A2FB-3284E8A00AA8}"
EndProject
Global
	GlobalSection(SolutionConfigurationPlatforms) = preSolution
		Debug|Any CPU = Debug|Any CPU
		Release|Any CPU = Release|Any CPU
	EndGlobalSection
	GlobalSection(ProjectConfigurationPlatforms) = postSolution
		{38D4582A-305E-4D65-A2FB-3284E8A00AA8}.Debug|Any CPU.ActiveCfg = Debug|Any CPU
		{38D4582A-305E-4D65-A2FB-3284E8A00AA8}.Debug|Any CPU.Build.0 = Debug|Any CPU
		{38D4582A-305E-4D65-A2FB-3284E8A00AA8}.Release|Any CPU.ActiveCfg = Release|Any CPU
		{38D4582A-305E-4D65-A2FB-3284E8A00AA8}.Release|Any CPU.Build.0 = Release|Any CPU
	EndGlobalSection
	GlobalSection(SolutionProperties) = preSolution
		HideSolutionNode = FALSE
	EndGlobalSection
	GlobalSection(ExtensibilityGlobals) = postSolution
		SolutionGuid = {00E43CEB-1719-4C23-8636-E8C139DF8C04}
	EndGlobalSection
EndGlobal
